
Microsoft Visual Studio Solution File, Format Version 12.00
# Visual Studio 15
Project("{FAE04EC0-301F-11D3-BF4B-00C04F79EFBC}") = "Assembly-CSharp", "Assembly-CSharp.csproj", "{ED6C40D5-7180-FA91-7C2F-309CC9DF4625}"
EndProject
Project("{2150E333-8FDC-42A3-9474-1A3956D46DE8}") = "Solution Items", "Solution Items", "{95D924B1-0681-4DD1-8515-6BB597052742}"
	ProjectSection(SolutionItems) = preProject
		.editorconfig = .editorconfig
	EndProjectSection
EndProject
Global
	GlobalSection(SolutionConfigurationPlatforms) = preSolution
		Debug|Any CPU = Debug|Any CPU
		Release|Any CPU = Release|Any CPU
	EndGlobalSection
	GlobalSection(ProjectConfigurationPlatforms) = postSolution
		{ED6C40D5-7180-FA91-7C2F-309CC9DF4625}.Debug|Any CPU.ActiveCfg = Debug|Any CPU
		{ED6C40D5-7180-FA91-7C2F-309CC9DF4625}.Debug|Any CPU.Build.0 = Debug|Any CPU
		{ED6C40D5-7180-FA91-7C2F-309CC9DF4625}.Release|Any CPU.ActiveCfg = Release|Any CPU
		{ED6C40D5-7180-FA91-7C2F-309CC9DF4625}.Release|Any CPU.Build.0 = Release|Any CPU
	EndGlobalSection
	GlobalSection(SolutionProperties) = preSolution
		HideSolutionNode = FALSE
	EndGlobalSection
EndGlobal
