
Microsoft Visual Studio Solution File, Format Version 12.00
# Visual Studio Version 16
VisualStudioVersion = 16.0.32228.343
MinimumVisualStudioVersion = 10.0.40219.1
Project("{FAE04EC0-301F-11D3-BF4B-00C04F79EFBC}") = "Assembly-CSharp", "Assembly-CSharp.csproj", "{ED6C40D5-7180-FA91-7C2F-309CC9DF4625}"
EndProject
Global
	GlobalSection(SolutionConfigurationPlatforms) = preSolution
		Debug|Any CPU = Debug|Any CPU
		Release|Any CPU = Release|Any CPU
	EndGlobalSection
	GlobalSection(ProjectConfigurationPlatforms) = postSolution
		{ED6C40D5-7180-FA91-7C2F-309CC9DF4625}.Debug|Any CPU.ActiveCfg = Debug|Any CPU
		{ED6C40D5-7180-FA91-7C2F-309CC9DF4625}.Debug|Any CPU.Build.0 = Debug|Any CPU
		{ED6C40D5-7180-FA91-7C2F-309CC9DF4625}.Release|Any CPU.ActiveCfg = Release|Any CPU
		{ED6C40D5-7180-FA91-7C2F-309CC9DF4625}.Release|Any CPU.Build.0 = Release|Any CPU
	EndGlobalSection
	GlobalSection(SolutionProperties) = preSolution
		HideSolutionNode = FALSE
	EndGlobalSection
	GlobalSection(ExtensibilityGlobals) = postSolution
		SolutionGuid = {82386991-F213-47FD-84C1-17F549F920DC}
	EndGlobalSection
EndGlobal
